
Microsoft Visual Studio Solution File, Format Version 12.00
# Visual Studio 15
VisualStudioVersion = 15.0.27703.2035
MinimumVisualStudioVersion = 10.0.40219.1
Project("{FAE04EC0-301F-11D3-BF4B-00C04F79EFBC}") = "FORM_PRAC", "CS_NOTE\FORM_PRAC.csproj", "{01AEC59C-9F62-4C37-83C6-04A7F7A03699}"
EndProject
Project("{FAE04EC0-301F-11D3-BF4B-00C04F79EFBC}") = "ClassLibrary", "ClassLibrary\ClassLibrary.csproj", "{58AD9746-0A3D-4696-89EF-69D247D76147}"
EndProject
Project("{2150E333-8FDC-42A3-9474-1A3956D46DE8}") = "peking_8", "peking_8", "{B86FE0B6-F0A2-4C49-8C82-FE43982E7951}"
EndProject
Project("{2150E333-8FDC-42A3-9474-1A3956D46DE8}") = "peking_7", "peking_7", "{56E127EF-8E51-43D4-9DF6-BAAD440721C9}"
EndProject
Project("{FAE04EC0-301F-11D3-BF4B-00C04F79EFBC}") = "lrcPlayer", "peking_7\p_9music\lrcPlayer.csproj", "{FEEAE2A8-53B6-4D90-B3B6-E6EC90E5DB4D}"
EndProject
Project("{FAE04EC0-301F-11D3-BF4B-00C04F79EFBC}") = "SevenSegTest", "peking_7\SevenSegment\SevenSegTest.csproj", "{14C62CE2-5DE8-457E-B20A-0DCFE350B96B}"
EndProject
Project("{FAE04EC0-301F-11D3-BF4B-00C04F79EFBC}") = "GravityBallScreenSaver", "peking_8\GravityBallScreenSaver\GravityBallScreenSaver.csproj", "{439C552E-2751-4802-BF3C-87606C4637B8}"
EndProject
Project("{FAE04EC0-301F-11D3-BF4B-00C04F79EFBC}") = "KaleidoApp", "peking_8\KaleidoApp\KaleidoApp.csproj", "{22CF94A1-823A-43AE-927A-1EA7B011CD02}"
EndProject
Project("{FAE04EC0-301F-11D3-BF4B-00C04F79EFBC}") = "LuminousClock", "peking_8\LuminousClock\LuminousClock.csproj", "{247917B0-83F2-4E9C-A5B6-A84A30126A0B}"
EndProject
Project("{FAE04EC0-301F-11D3-BF4B-00C04F79EFBC}") = "frac", "peking_8\分形图\复件 frac\Backup\frac\frac.csproj", "{7C5E4C3D-620B-44B3-99B2-0A21075F7F5C}"
EndProject
Project("{FAE04EC0-301F-11D3-BF4B-00C04F79EFBC}") = "baobao", "peking_8\王宝强贱图生成器\baobao\baobao.csproj", "{05F321BC-D9B3-44DB-B6F9-AAE6D51BBCDB}"
EndProject
Project("{FAE04EC0-301F-11D3-BF4B-00C04F79EFBC}") = "CSharpFilters", "peking_8\CSharpFilters_src6-pic\CSharpFilters\CSharpFilters.csproj", "{ECADAA7E-AB37-45BA-AEDF-CFAEE4669297}"
EndProject
Project("{FAE04EC0-301F-11D3-BF4B-00C04F79EFBC}") = "ImageProcessor", "peking_8\ImageProcessor-pic\ImageProcessor.csproj", "{E5221A23-4F29-4F4B-A389-6E3A573EC45A}"
EndProject
Project("{2150E333-8FDC-42A3-9474-1A3956D46DE8}") = "peking_10", "peking_10", "{8A9959D6-B09D-4A0C-9373-645DEEC128B4}"
EndProject
Project("{FAE04EC0-301F-11D3-BF4B-00C04F79EFBC}") = "BaiduSuggestion", "peking_10\BaiduSuggestion\BaiduSuggestion.csproj", "{2A409AD4-9C7C-4CA5-858B-833AE8E4BCE3}"
EndProject
Project("{FAE04EC0-301F-11D3-BF4B-00C04F79EFBC}") = "BaiduTranslate", "peking_10\BaiduTranslate\BaiduTranslate\BaiduTranslate.csproj", "{6D7535FE-D286-443E-A7A1-C23E5DAC9DCD}"
EndProject
Project("{FAE04EC0-301F-11D3-BF4B-00C04F79EFBC}") = "GoldPriceFetcher", "peking_10\GoldPriceFetcher\GoldPriceFetcher.csproj", "{B9C8A8F7-89AB-4DF3-9784-816B77D781D5}"
EndProject
Project("{FAE04EC0-301F-11D3-BF4B-00C04F79EFBC}") = "ipgw", "peking_10\ipgw\ipgw\ipgw.csproj", "{04826729-8866-40F9-9366-2D48E3C0ACC8}"
EndProject
Project("{FAE04EC0-301F-11D3-BF4B-00C04F79EFBC}") = "Renlifang", "peking_10\Renlifang\Renlifang\Renlifang.csproj", "{341476A3-80FA-46DE-BDDF-009035BC8540}"
EndProject
Project("{FAE04EC0-301F-11D3-BF4B-00C04F79EFBC}") = "SimpleWebCrawler", "peking_10\SimpleWebCrawler\SimpleWebCrawler\SimpleWebCrawler.csproj", "{53C942F9-A4BB-422F-9417-00CFD8A1676D}"
EndProject
Project("{FAE04EC0-301F-11D3-BF4B-00C04F79EFBC}") = "YahooWeather", "peking_10\YahooWeather\YahooWeather.csproj", "{B7BF075F-51C4-4C74-B743-DADC2435A0FB}"
EndProject
Project("{FAE04EC0-301F-11D3-BF4B-00C04F79EFBC}") = "ConsoleTest", "ConsoleTest\ConsoleTest.csproj", "{76C0BE4C-FDFF-4390-95DB-723810AF4DE2}"
EndProject
Global
	GlobalSection(SolutionConfigurationPlatforms) = preSolution
		Clipboard|Any CPU = Clipboard|Any CPU
		Debug|Any CPU = Debug|Any CPU
		Release|Any CPU = Release|Any CPU
	EndGlobalSection
	GlobalSection(ProjectConfigurationPlatforms) = postSolution
		{01AEC59C-9F62-4C37-83C6-04A7F7A03699}.Clipboard|Any CPU.ActiveCfg = Release|Any CPU
		{01AEC59C-9F62-4C37-83C6-04A7F7A03699}.Clipboard|Any CPU.Build.0 = Release|Any CPU
		{01AEC59C-9F62-4C37-83C6-04A7F7A03699}.Debug|Any CPU.ActiveCfg = Debug|Any CPU
		{01AEC59C-9F62-4C37-83C6-04A7F7A03699}.Debug|Any CPU.Build.0 = Debug|Any CPU
		{01AEC59C-9F62-4C37-83C6-04A7F7A03699}.Release|Any CPU.ActiveCfg = Release|Any CPU
		{01AEC59C-9F62-4C37-83C6-04A7F7A03699}.Release|Any CPU.Build.0 = Release|Any CPU
		{58AD9746-0A3D-4696-89EF-69D247D76147}.Clipboard|Any CPU.ActiveCfg = Release|Any CPU
		{58AD9746-0A3D-4696-89EF-69D247D76147}.Clipboard|Any CPU.Build.0 = Release|Any CPU
		{58AD9746-0A3D-4696-89EF-69D247D76147}.Debug|Any CPU.ActiveCfg = Debug|Any CPU
		{58AD9746-0A3D-4696-89EF-69D247D76147}.Debug|Any CPU.Build.0 = Debug|Any CPU
		{58AD9746-0A3D-4696-89EF-69D247D76147}.Release|Any CPU.ActiveCfg = Release|Any CPU
		{58AD9746-0A3D-4696-89EF-69D247D76147}.Release|Any CPU.Build.0 = Release|Any CPU
		{FEEAE2A8-53B6-4D90-B3B6-E6EC90E5DB4D}.Clipboard|Any CPU.ActiveCfg = Release|Any CPU
		{FEEAE2A8-53B6-4D90-B3B6-E6EC90E5DB4D}.Clipboard|Any CPU.Build.0 = Release|Any CPU
		{FEEAE2A8-53B6-4D90-B3B6-E6EC90E5DB4D}.Debug|Any CPU.ActiveCfg = Debug|Any CPU
		{FEEAE2A8-53B6-4D90-B3B6-E6EC90E5DB4D}.Debug|Any CPU.Build.0 = Debug|Any CPU
		{FEEAE2A8-53B6-4D90-B3B6-E6EC90E5DB4D}.Release|Any CPU.ActiveCfg = Release|Any CPU
		{FEEAE2A8-53B6-4D90-B3B6-E6EC90E5DB4D}.Release|Any CPU.Build.0 = Release|Any CPU
		{14C62CE2-5DE8-457E-B20A-0DCFE350B96B}.Clipboard|Any CPU.ActiveCfg = Release|Any CPU
		{14C62CE2-5DE8-457E-B20A-0DCFE350B96B}.Clipboard|Any CPU.Build.0 = Release|Any CPU
		{14C62CE2-5DE8-457E-B20A-0DCFE350B96B}.Debug|Any CPU.ActiveCfg = Debug|Any CPU
		{14C62CE2-5DE8-457E-B20A-0DCFE350B96B}.Debug|Any CPU.Build.0 = Debug|Any CPU
		{14C62CE2-5DE8-457E-B20A-0DCFE350B96B}.Release|Any CPU.ActiveCfg = Release|Any CPU
		{14C62CE2-5DE8-457E-B20A-0DCFE350B96B}.Release|Any CPU.Build.0 = Release|Any CPU
		{439C552E-2751-4802-BF3C-87606C4637B8}.Clipboard|Any CPU.ActiveCfg = Clipboard|Any CPU
		{439C552E-2751-4802-BF3C-87606C4637B8}.Clipboard|Any CPU.Build.0 = Clipboard|Any CPU
		{439C552E-2751-4802-BF3C-87606C4637B8}.Debug|Any CPU.ActiveCfg = Debug|Any CPU
		{439C552E-2751-4802-BF3C-87606C4637B8}.Debug|Any CPU.Build.0 = Debug|Any CPU
		{439C552E-2751-4802-BF3C-87606C4637B8}.Release|Any CPU.ActiveCfg = Release|Any CPU
		{439C552E-2751-4802-BF3C-87606C4637B8}.Release|Any CPU.Build.0 = Release|Any CPU
		{22CF94A1-823A-43AE-927A-1EA7B011CD02}.Clipboard|Any CPU.ActiveCfg = Release|Any CPU
		{22CF94A1-823A-43AE-927A-1EA7B011CD02}.Clipboard|Any CPU.Build.0 = Release|Any CPU
		{22CF94A1-823A-43AE-927A-1EA7B011CD02}.Debug|Any CPU.ActiveCfg = Debug|Any CPU
		{22CF94A1-823A-43AE-927A-1EA7B011CD02}.Debug|Any CPU.Build.0 = Debug|Any CPU
		{22CF94A1-823A-43AE-927A-1EA7B011CD02}.Release|Any CPU.ActiveCfg = Release|Any CPU
		{22CF94A1-823A-43AE-927A-1EA7B011CD02}.Release|Any CPU.Build.0 = Release|Any CPU
		{247917B0-83F2-4E9C-A5B6-A84A30126A0B}.Clipboard|Any CPU.ActiveCfg = Release|Any CPU
		{247917B0-83F2-4E9C-A5B6-A84A30126A0B}.Clipboard|Any CPU.Build.0 = Release|Any CPU
		{247917B0-83F2-4E9C-A5B6-A84A30126A0B}.Debug|Any CPU.ActiveCfg = Debug|Any CPU
		{247917B0-83F2-4E9C-A5B6-A84A30126A0B}.Debug|Any CPU.Build.0 = Debug|Any CPU
		{247917B0-83F2-4E9C-A5B6-A84A30126A0B}.Release|Any CPU.ActiveCfg = Release|Any CPU
		{247917B0-83F2-4E9C-A5B6-A84A30126A0B}.Release|Any CPU.Build.0 = Release|Any CPU
		{7C5E4C3D-620B-44B3-99B2-0A21075F7F5C}.Clipboard|Any CPU.ActiveCfg = Release|Any CPU
		{7C5E4C3D-620B-44B3-99B2-0A21075F7F5C}.Clipboard|Any CPU.Build.0 = Release|Any CPU
		{7C5E4C3D-620B-44B3-99B2-0A21075F7F5C}.Debug|Any CPU.ActiveCfg = Debug|Any CPU
		{7C5E4C3D-620B-44B3-99B2-0A21075F7F5C}.Debug|Any CPU.Build.0 = Debug|Any CPU
		{7C5E4C3D-620B-44B3-99B2-0A21075F7F5C}.Release|Any CPU.ActiveCfg = Release|Any CPU
		{7C5E4C3D-620B-44B3-99B2-0A21075F7F5C}.Release|Any CPU.Build.0 = Release|Any CPU
		{05F321BC-D9B3-44DB-B6F9-AAE6D51BBCDB}.Clipboard|Any CPU.ActiveCfg = Release|Any CPU
		{05F321BC-D9B3-44DB-B6F9-AAE6D51BBCDB}.Clipboard|Any CPU.Build.0 = Release|Any CPU
		{05F321BC-D9B3-44DB-B6F9-AAE6D51BBCDB}.Debug|Any CPU.ActiveCfg = Debug|Any CPU
		{05F321BC-D9B3-44DB-B6F9-AAE6D51BBCDB}.Debug|Any CPU.Build.0 = Debug|Any CPU
		{05F321BC-D9B3-44DB-B6F9-AAE6D51BBCDB}.Release|Any CPU.ActiveCfg = Release|Any CPU
		{05F321BC-D9B3-44DB-B6F9-AAE6D51BBCDB}.Release|Any CPU.Build.0 = Release|Any CPU
		{ECADAA7E-AB37-45BA-AEDF-CFAEE4669297}.Clipboard|Any CPU.ActiveCfg = Release|Any CPU
		{ECADAA7E-AB37-45BA-AEDF-CFAEE4669297}.Clipboard|Any CPU.Build.0 = Release|Any CPU
		{ECADAA7E-AB37-45BA-AEDF-CFAEE4669297}.Debug|Any CPU.ActiveCfg = Debug|Any CPU
		{ECADAA7E-AB37-45BA-AEDF-CFAEE4669297}.Debug|Any CPU.Build.0 = Debug|Any CPU
		{ECADAA7E-AB37-45BA-AEDF-CFAEE4669297}.Release|Any CPU.ActiveCfg = Release|Any CPU
		{ECADAA7E-AB37-45BA-AEDF-CFAEE4669297}.Release|Any CPU.Build.0 = Release|Any CPU
		{E5221A23-4F29-4F4B-A389-6E3A573EC45A}.Clipboard|Any CPU.ActiveCfg = Release|Any CPU
		{E5221A23-4F29-4F4B-A389-6E3A573EC45A}.Clipboard|Any CPU.Build.0 = Release|Any CPU
		{E5221A23-4F29-4F4B-A389-6E3A573EC45A}.Debug|Any CPU.ActiveCfg = Debug|Any CPU
		{E5221A23-4F29-4F4B-A389-6E3A573EC45A}.Debug|Any CPU.Build.0 = Debug|Any CPU
		{E5221A23-4F29-4F4B-A389-6E3A573EC45A}.Release|Any CPU.ActiveCfg = Release|Any CPU
		{E5221A23-4F29-4F4B-A389-6E3A573EC45A}.Release|Any CPU.Build.0 = Release|Any CPU
		{2A409AD4-9C7C-4CA5-858B-833AE8E4BCE3}.Clipboard|Any CPU.ActiveCfg = Release|Any CPU
		{2A409AD4-9C7C-4CA5-858B-833AE8E4BCE3}.Clipboard|Any CPU.Build.0 = Release|Any CPU
		{2A409AD4-9C7C-4CA5-858B-833AE8E4BCE3}.Debug|Any CPU.ActiveCfg = Debug|Any CPU
		{2A409AD4-9C7C-4CA5-858B-833AE8E4BCE3}.Debug|Any CPU.Build.0 = Debug|Any CPU
		{2A409AD4-9C7C-4CA5-858B-833AE8E4BCE3}.Release|Any CPU.ActiveCfg = Release|Any CPU
		{2A409AD4-9C7C-4CA5-858B-833AE8E4BCE3}.Release|Any CPU.Build.0 = Release|Any CPU
		{6D7535FE-D286-443E-A7A1-C23E5DAC9DCD}.Clipboard|Any CPU.ActiveCfg = Release|Any CPU
		{6D7535FE-D286-443E-A7A1-C23E5DAC9DCD}.Clipboard|Any CPU.Build.0 = Release|Any CPU
		{6D7535FE-D286-443E-A7A1-C23E5DAC9DCD}.Debug|Any CPU.ActiveCfg = Debug|Any CPU
		{6D7535FE-D286-443E-A7A1-C23E5DAC9DCD}.Debug|Any CPU.Build.0 = Debug|Any CPU
		{6D7535FE-D286-443E-A7A1-C23E5DAC9DCD}.Release|Any CPU.ActiveCfg = Release|Any CPU
		{6D7535FE-D286-443E-A7A1-C23E5DAC9DCD}.Release|Any CPU.Build.0 = Release|Any CPU
		{B9C8A8F7-89AB-4DF3-9784-816B77D781D5}.Clipboard|Any CPU.ActiveCfg = Release|Any CPU
		{B9C8A8F7-89AB-4DF3-9784-816B77D781D5}.Clipboard|Any CPU.Build.0 = Release|Any CPU
		{B9C8A8F7-89AB-4DF3-9784-816B77D781D5}.Debug|Any CPU.ActiveCfg = Debug|Any CPU
		{B9C8A8F7-89AB-4DF3-9784-816B77D781D5}.Debug|Any CPU.Build.0 = Debug|Any CPU
		{B9C8A8F7-89AB-4DF3-9784-816B77D781D5}.Release|Any CPU.ActiveCfg = Release|Any CPU
		{B9C8A8F7-89AB-4DF3-9784-816B77D781D5}.Release|Any CPU.Build.0 = Release|Any CPU
		{04826729-8866-40F9-9366-2D48E3C0ACC8}.Clipboard|Any CPU.ActiveCfg = Release|Any CPU
		{04826729-8866-40F9-9366-2D48E3C0ACC8}.Clipboard|Any CPU.Build.0 = Release|Any CPU
		{04826729-8866-40F9-9366-2D48E3C0ACC8}.Debug|Any CPU.ActiveCfg = Debug|Any CPU
		{04826729-8866-40F9-9366-2D48E3C0ACC8}.Debug|Any CPU.Build.0 = Debug|Any CPU
		{04826729-8866-40F9-9366-2D48E3C0ACC8}.Release|Any CPU.ActiveCfg = Release|Any CPU
		{04826729-8866-40F9-9366-2D48E3C0ACC8}.Release|Any CPU.Build.0 = Release|Any CPU
		{341476A3-80FA-46DE-BDDF-009035BC8540}.Clipboard|Any CPU.ActiveCfg = Release|Any CPU
		{341476A3-80FA-46DE-BDDF-009035BC8540}.Clipboard|Any CPU.Build.0 = Release|Any CPU
		{341476A3-80FA-46DE-BDDF-009035BC8540}.Debug|Any CPU.ActiveCfg = Debug|Any CPU
		{341476A3-80FA-46DE-BDDF-009035BC8540}.Debug|Any CPU.Build.0 = Debug|Any CPU
		{341476A3-80FA-46DE-BDDF-009035BC8540}.Release|Any CPU.ActiveCfg = Release|Any CPU
		{341476A3-80FA-46DE-BDDF-009035BC8540}.Release|Any CPU.Build.0 = Release|Any CPU
		{53C942F9-A4BB-422F-9417-00CFD8A1676D}.Clipboard|Any CPU.ActiveCfg = Release|Any CPU
		{53C942F9-A4BB-422F-9417-00CFD8A1676D}.Clipboard|Any CPU.Build.0 = Release|Any CPU
		{53C942F9-A4BB-422F-9417-00CFD8A1676D}.Debug|Any CPU.ActiveCfg = Debug|Any CPU
		{53C942F9-A4BB-422F-9417-00CFD8A1676D}.Debug|Any CPU.Build.0 = Debug|Any CPU
		{53C942F9-A4BB-422F-9417-00CFD8A1676D}.Release|Any CPU.ActiveCfg = Release|Any CPU
		{53C942F9-A4BB-422F-9417-00CFD8A1676D}.Release|Any CPU.Build.0 = Release|Any CPU
		{B7BF075F-51C4-4C74-B743-DADC2435A0FB}.Clipboard|Any CPU.ActiveCfg = Release|Any CPU
		{B7BF075F-51C4-4C74-B743-DADC2435A0FB}.Clipboard|Any CPU.Build.0 = Release|Any CPU
		{B7BF075F-51C4-4C74-B743-DADC2435A0FB}.Debug|Any CPU.ActiveCfg = Debug|Any CPU
		{B7BF075F-51C4-4C74-B743-DADC2435A0FB}.Debug|Any CPU.Build.0 = Debug|Any CPU
		{B7BF075F-51C4-4C74-B743-DADC2435A0FB}.Release|Any CPU.ActiveCfg = Release|Any CPU
		{B7BF075F-51C4-4C74-B743-DADC2435A0FB}.Release|Any CPU.Build.0 = Release|Any CPU
		{76C0BE4C-FDFF-4390-95DB-723810AF4DE2}.Clipboard|Any CPU.ActiveCfg = Release|Any CPU
		{76C0BE4C-FDFF-4390-95DB-723810AF4DE2}.Clipboard|Any CPU.Build.0 = Release|Any CPU
		{76C0BE4C-FDFF-4390-95DB-723810AF4DE2}.Debug|Any CPU.ActiveCfg = Debug|Any CPU
		{76C0BE4C-FDFF-4390-95DB-723810AF4DE2}.Debug|Any CPU.Build.0 = Debug|Any CPU
		{76C0BE4C-FDFF-4390-95DB-723810AF4DE2}.Release|Any CPU.ActiveCfg = Release|Any CPU
		{76C0BE4C-FDFF-4390-95DB-723810AF4DE2}.Release|Any CPU.Build.0 = Release|Any CPU
	EndGlobalSection
	GlobalSection(SolutionProperties) = preSolution
		HideSolutionNode = FALSE
	EndGlobalSection
	GlobalSection(NestedProjects) = preSolution
		{FEEAE2A8-53B6-4D90-B3B6-E6EC90E5DB4D} = {56E127EF-8E51-43D4-9DF6-BAAD440721C9}
		{14C62CE2-5DE8-457E-B20A-0DCFE350B96B} = {56E127EF-8E51-43D4-9DF6-BAAD440721C9}
		{439C552E-2751-4802-BF3C-87606C4637B8} = {B86FE0B6-F0A2-4C49-8C82-FE43982E7951}
		{22CF94A1-823A-43AE-927A-1EA7B011CD02} = {B86FE0B6-F0A2-4C49-8C82-FE43982E7951}
		{247917B0-83F2-4E9C-A5B6-A84A30126A0B} = {B86FE0B6-F0A2-4C49-8C82-FE43982E7951}
		{7C5E4C3D-620B-44B3-99B2-0A21075F7F5C} = {B86FE0B6-F0A2-4C49-8C82-FE43982E7951}
		{05F321BC-D9B3-44DB-B6F9-AAE6D51BBCDB} = {B86FE0B6-F0A2-4C49-8C82-FE43982E7951}
		{ECADAA7E-AB37-45BA-AEDF-CFAEE4669297} = {B86FE0B6-F0A2-4C49-8C82-FE43982E7951}
		{E5221A23-4F29-4F4B-A389-6E3A573EC45A} = {B86FE0B6-F0A2-4C49-8C82-FE43982E7951}
		{2A409AD4-9C7C-4CA5-858B-833AE8E4BCE3} = {8A9959D6-B09D-4A0C-9373-645DEEC128B4}
		{6D7535FE-D286-443E-A7A1-C23E5DAC9DCD} = {8A9959D6-B09D-4A0C-9373-645DEEC128B4}
		{B9C8A8F7-89AB-4DF3-9784-816B77D781D5} = {8A9959D6-B09D-4A0C-9373-645DEEC128B4}
		{04826729-8866-40F9-9366-2D48E3C0ACC8} = {8A9959D6-B09D-4A0C-9373-645DEEC128B4}
		{341476A3-80FA-46DE-BDDF-009035BC8540} = {8A9959D6-B09D-4A0C-9373-645DEEC128B4}
		{53C942F9-A4BB-422F-9417-00CFD8A1676D} = {8A9959D6-B09D-4A0C-9373-645DEEC128B4}
		{B7BF075F-51C4-4C74-B743-DADC2435A0FB} = {8A9959D6-B09D-4A0C-9373-645DEEC128B4}
	EndGlobalSection
	GlobalSection(ExtensibilityGlobals) = postSolution
		SolutionGuid = {9F03E536-AD60-454D-9B98-52B55265968E}
	EndGlobalSection
EndGlobal
