
Microsoft Visual Studio Solution File, Format Version 11.00
# Visual C# Express 2010
Project("{FAE04EC0-301F-11D3-BF4B-00C04F79EFBC}") = "BaiduTranslate", "BaiduTranslate\BaiduTranslate.csproj", "{6D7535FE-D286-443E-A7A1-C23E5DAC9DCD}"
EndProject
Global
	GlobalSection(SolutionConfigurationPlatforms) = preSolution
		Debug|Any CPU = Debug|Any CPU
		Release|Any CPU = Release|Any CPU
	EndGlobalSection
	GlobalSection(ProjectConfigurationPlatforms) = postSolution
		{6D7535FE-D286-443E-A7A1-C23E5DAC9DCD}.Debug|Any CPU.ActiveCfg = Debug|Any CPU
		{6D7535FE-D286-443E-A7A1-C23E5DAC9DCD}.Debug|Any CPU.Build.0 = Debug|Any CPU
		{6D7535FE-D286-443E-A7A1-C23E5DAC9DCD}.Release|Any CPU.ActiveCfg = Release|Any CPU
		{6D7535FE-D286-443E-A7A1-C23E5DAC9DCD}.Release|Any CPU.Build.0 = Release|Any CPU
	EndGlobalSection
	GlobalSection(SolutionProperties) = preSolution
		HideSolutionNode = FALSE
	EndGlobalSection
EndGlobal
